
Microsoft Visual Studio Solution File, Format Version 12.00
# Visual Studio Version 17
VisualStudioVersion = 17.3.32929.385
MinimumVisualStudioVersion = 10.0.40219.1
Project("{FAE04EC0-301F-11D3-BF4B-00C04F79EFBC}") = "THA_W8_BENITO", "THA_W8_BENITO\THA_W8_BENITO.csproj", "{4AC134B8-AF23-4E7F-AE5D-9091ED59B726}"
EndProject
Global
	GlobalSection(SolutionConfigurationPlatforms) = preSolution
		Debug|Any CPU = Debug|Any CPU
		Release|Any CPU = Release|Any CPU
	EndGlobalSection
	GlobalSection(ProjectConfigurationPlatforms) = postSolution
		{4AC134B8-AF23-4E7F-AE5D-9091ED59B726}.Debug|Any CPU.ActiveCfg = Debug|Any CPU
		{4AC134B8-AF23-4E7F-AE5D-9091ED59B726}.Debug|Any CPU.Build.0 = Debug|Any CPU
		{4AC134B8-AF23-4E7F-AE5D-9091ED59B726}.Release|Any CPU.ActiveCfg = Release|Any CPU
		{4AC134B8-AF23-4E7F-AE5D-9091ED59B726}.Release|Any CPU.Build.0 = Release|Any CPU
	EndGlobalSection
	GlobalSection(SolutionProperties) = preSolution
		HideSolutionNode = FALSE
	EndGlobalSection
	GlobalSection(ExtensibilityGlobals) = postSolution
		SolutionGuid = {E5075650-C31C-47CA-85C4-5B78E2EA709F}
	EndGlobalSection
EndGlobal
